{
  "nodes": {
    "flake-parts": {
      "inputs": {
        "nixpkgs-lib": [
          "hl",
          "nixpkgs"
        ]
      },
      "locked": {
        "lastModified": 1778716662,
        "narHash": "sha256-m1Yf0wZ8j1OHjTc2UwHwyQRSnNeSgLJOd7q5Y45hzi4=",
        "owner": "hercules-ci",
        "repo": "flake-parts",
        "rev": "f7c1a2d347e4c52d5fb8d10cb4d94b5884e546fb",
        "type": "github"
      },
      "original": {
        "owner": "hercules-ci",
        "repo": "flake-parts",
        "type": "github"
      }
    },
    "flake-parts_2": {
      "inputs": {
        "nixpkgs-lib": [
          "termframe",
          "nixpkgs"
        ]
      },
      "locked": {
        "lastModified": 1778716662,
        "narHash": "sha256-m1Yf0wZ8j1OHjTc2UwHwyQRSnNeSgLJOd7q5Y45hzi4=",
        "owner": "hercules-ci",
        "repo": "flake-parts",
        "rev": "f7c1a2d347e4c52d5fb8d10cb4d94b5884e546fb",
        "type": "github"
      },
      "original": {
        "owner": "hercules-ci",
        "repo": "flake-parts",
        "type": "github"
      }
    },
    "hl": {
      "inputs": {
        "flake-parts": "flake-parts",
        "nixpkgs": [
          "nixpkgs"
        ],
        "rust-overlay": "rust-overlay"
      },
      "locked": {
        "lastModified": 1781258691,
        "narHash": "sha256-sbEl/gdR4vqfbMNKxr/S/esqA4OKaISjI+FwG+J8GKk=",
        "owner": "pamburus",
        "repo": "hl",
        "rev": "ed6ca2e86ff0d7c6cec92f5f103990d2d9483a2b",
        "type": "github"
      },
      "original": {
        "owner": "pamburus",
        "repo": "hl",
        "type": "github"
      }
    },
    "home-manager": {
      "inputs": {
        "nixpkgs": [
          "nixpkgs"
        ]
      },
      "locked": {
        "lastModified": 1781184346,
        "narHash": "sha256-cZRlW47U6A2nWvAmnZeeO6Xvq23gxYbVLel4KxqOrcQ=",
        "owner": "nix-community",
        "repo": "home-manager",
        "rev": "ea6d221d7aa85652d014b6f719dddf036037515b",
        "type": "github"
      },
      "original": {
        "owner": "nix-community",
        "ref": "release-26.05",
        "repo": "home-manager",
        "type": "github"
      }
    },
    "nixpkgs": {
      "locked": {
        "lastModified": 1780902259,
        "narHash": "sha256-q8yYEC5f1mFlQO9RGna4LTc9QrcvWunX6FYp83munkQ=",
        "owner": "nixos",
        "repo": "nixpkgs",
        "rev": "bd0ff2d3eac24699c3664d5966b9ef36f388e2ca",
        "type": "github"
      },
      "original": {
        "owner": "nixos",
        "ref": "nixos-26.05",
        "repo": "nixpkgs",
        "type": "github"
      }
    },
    "root": {
      "inputs": {
        "hl": "hl",
        "home-manager": "home-manager",
        "nixpkgs": "nixpkgs",
        "termframe": "termframe"
      }
    },
    "rust-overlay": {
      "inputs": {
        "nixpkgs": [
          "hl",
          "nixpkgs"
        ]
      },
      "locked": {
        "lastModified": 1780629589,
        "narHash": "sha256-oHysjxZdaEqkmyDpN8G1bl3V+r9uyRD1O66bH0bq0Cs=",
        "owner": "oxalica",
        "repo": "rust-overlay",
        "rev": "7a5a1c0a5cb86a28224304309b68f050835fd1f6",
        "type": "github"
      },
      "original": {
        "owner": "oxalica",
        "repo": "rust-overlay",
        "type": "github"
      }
    },
    "rust-overlay_2": {
      "inputs": {
        "nixpkgs": [
          "termframe",
          "nixpkgs"
        ]
      },
      "locked": {
        "lastModified": 1780629589,
        "narHash": "sha256-oHysjxZdaEqkmyDpN8G1bl3V+r9uyRD1O66bH0bq0Cs=",
        "owner": "oxalica",
        "repo": "rust-overlay",
        "rev": "7a5a1c0a5cb86a28224304309b68f050835fd1f6",
        "type": "github"
      },
      "original": {
        "owner": "oxalica",
        "repo": "rust-overlay",
        "type": "github"
      }
    },
    "termframe": {
      "inputs": {
        "flake-parts": "flake-parts_2",
        "nixpkgs": [
          "nixpkgs"
        ],
        "rust-overlay": "rust-overlay_2"
      },
      "locked": {
        "lastModified": 1781260731,
        "narHash": "sha256-Oy7jwbcRHSeFcrgy43SAFX91AmuSxRHp/yHVsrPefns=",
        "owner": "pamburus",
        "repo": "termframe",
        "rev": "75e03ee0996f31c5d0186cb7e50677deb2d7e37c",
        "type": "github"
      },
      "original": {
        "owner": "pamburus",
        "repo": "termframe",
        "type": "github"
      }
    }
  },
  "root": "root",
  "version": 7
}
